
Microsoft Visual Studio Solution File, Format Version 12.00
# Visual Studio Version 16
VisualStudioVersion = 16.0.28803.202
MinimumVisualStudioVersion = 10.0.40219.1
Project("{8BC9CEB8-8B4A-11D0-8D11-00A0C91BC942}") = "TestMQTT", "TestMQTT\TestMQTT.vcxproj", "{BC0CD3AB-1749-4207-A2A9-F7136F24F6F1}"
EndProject
Global
	GlobalSection(SolutionConfigurationPlatforms) = preSolution
		Debug|x64 = Debug|x64
		Debug|x86 = Debug|x86
		Release|x64 = Release|x64
		Release|x86 = Release|x86
	EndGlobalSection
	GlobalSection(ProjectConfigurationPlatforms) = postSolution
		{BC0CD3AB-1749-4207-A2A9-F7136F24F6F1}.Debug|x64.ActiveCfg = Debug|x64
		{BC0CD3AB-1749-4207-A2A9-F7136F24F6F1}.Debug|x64.Build.0 = Debug|x64
		{BC0CD3AB-1749-4207-A2A9-F7136F24F6F1}.Debug|x86.ActiveCfg = Debug|Win32
		{BC0CD3AB-1749-4207-A2A9-F7136F24F6F1}.Debug|x86.Build.0 = Debug|Win32
		{BC0CD3AB-1749-4207-A2A9-F7136F24F6F1}.Release|x64.ActiveCfg = Release|x64
		{BC0CD3AB-1749-4207-A2A9-F7136F24F6F1}.Release|x64.Build.0 = Release|x64
		{BC0CD3AB-1749-4207-A2A9-F7136F24F6F1}.Release|x86.ActiveCfg = Release|Win32
		{BC0CD3AB-1749-4207-A2A9-F7136F24F6F1}.Release|x86.Build.0 = Release|Win32
	EndGlobalSection
	GlobalSection(SolutionProperties) = preSolution
		HideSolutionNode = FALSE
	EndGlobalSection
	GlobalSection(ExtensibilityGlobals) = postSolution
		SolutionGuid = {B5865C75-107E-4C01-A562-6BFF1DF5BEAB}
	EndGlobalSection
EndGlobal
